
Microsoft Visual Studio Solution File, Format Version 11.00
# Visual Studio 2010
Project("{FAE04EC0-301F-11D3-BF4B-00C04F79EFBC}") = "MyWeb.UI", "MyWeb.UI\MyWeb.UI.csproj", "{1DE29AC6-B6B5-48DF-A9A2-C022AD82350C}"
EndProject
Project("{FAE04EC0-301F-11D3-BF4B-00C04F79EFBC}") = "MyWeb.BLL", "MyWeb.BLL\MyWeb.BLL.csproj", "{0157EE59-D011-4AFF-9872-504AF315670F}"
EndProject
Project("{FAE04EC0-301F-11D3-BF4B-00C04F79EFBC}") = "MyWeb.DAL", "MyWeb.DAL\MyWeb.DAL.csproj", "{FA56A0E9-5CFD-4770-9FB2-D58D9743E23B}"
EndProject
Global
	GlobalSection(SolutionConfigurationPlatforms) = preSolution
		Debug|Any CPU = Debug|Any CPU
		Release|Any CPU = Release|Any CPU
	EndGlobalSection
	GlobalSection(ProjectConfigurationPlatforms) = postSolution
		{1DE29AC6-B6B5-48DF-A9A2-C022AD82350C}.Debug|Any CPU.ActiveCfg = Debug|Any CPU
		{1DE29AC6-B6B5-48DF-A9A2-C022AD82350C}.Debug|Any CPU.Build.0 = Debug|Any CPU
		{1DE29AC6-B6B5-48DF-A9A2-C022AD82350C}.Release|Any CPU.ActiveCfg = Release|Any CPU
		{1DE29AC6-B6B5-48DF-A9A2-C022AD82350C}.Release|Any CPU.Build.0 = Release|Any CPU
		{0157EE59-D011-4AFF-9872-504AF315670F}.Debug|Any CPU.ActiveCfg = Debug|Any CPU
		{0157EE59-D011-4AFF-9872-504AF315670F}.Debug|Any CPU.Build.0 = Debug|Any CPU
		{0157EE59-D011-4AFF-9872-504AF315670F}.Release|Any CPU.ActiveCfg = Release|Any CPU
		{0157EE59-D011-4AFF-9872-504AF315670F}.Release|Any CPU.Build.0 = Release|Any CPU
		{FA56A0E9-5CFD-4770-9FB2-D58D9743E23B}.Debug|Any CPU.ActiveCfg = Debug|Any CPU
		{FA56A0E9-5CFD-4770-9FB2-D58D9743E23B}.Debug|Any CPU.Build.0 = Debug|Any CPU
		{FA56A0E9-5CFD-4770-9FB2-D58D9743E23B}.Release|Any CPU.ActiveCfg = Release|Any CPU
		{FA56A0E9-5CFD-4770-9FB2-D58D9743E23B}.Release|Any CPU.Build.0 = Release|Any CPU
	EndGlobalSection
	GlobalSection(SolutionProperties) = preSolution
		HideSolutionNode = FALSE
	EndGlobalSection
EndGlobal
